
Microsoft Visual Studio Solution File, Format Version 12.00
Project("{FAE04EC0-301F-11D3-BF4B-00C04F79EFBC}") = "BattleRoyale", "BattleRoyale\BattleRoyale.csproj", "{A83AF02D-A315-416E-A631-8C8CC9F987C5}"
EndProject
Global
	GlobalSection(SolutionConfigurationPlatforms) = preSolution
		Debug|Any CPU = Debug|Any CPU
		Release|Any CPU = Release|Any CPU
	EndGlobalSection
	GlobalSection(ProjectConfigurationPlatforms) = postSolution
		{A83AF02D-A315-416E-A631-8C8CC9F987C5}.Debug|Any CPU.ActiveCfg = Debug|Any CPU
		{A83AF02D-A315-416E-A631-8C8CC9F987C5}.Debug|Any CPU.Build.0 = Debug|Any CPU
		{A83AF02D-A315-416E-A631-8C8CC9F987C5}.Release|Any CPU.ActiveCfg = Release|Any CPU
		{A83AF02D-A315-416E-A631-8C8CC9F987C5}.Release|Any CPU.Build.0 = Release|Any CPU
	EndGlobalSection
EndGlobal
